// !$*UTF8*$!
{
	archiveVersion = 1;
	classes = {
	};
	objectVersion = 56;
	objects = {

/* Begin PBXBuildFile section */
		0A025F5D291862A400CB796B /* FetchState.swift in Sources */ = {isa = PBXBuildFile; fileRef = 0A025F5C291862A400CB796B /* FetchState.swift */; };
		0A025F742918F82B00CB796B /* LoginRepository.swift in Sources */ = {isa = PBXBuildFile; fileRef = 0A025F732918F82B00CB796B /* LoginRepository.swift */; };
		0A025F792918F8D900CB796B /* Login.swift in Sources */ = {isa = PBXBuildFile; fileRef = 0A025F782918F8D900CB796B /* Login.swift */; };
		0A025F7B2918FB1D00CB796B /* LoginViewModel.swift in Sources */ = {isa = PBXBuildFile; fileRef = 0A025F7A2918FB1D00CB796B /* LoginViewModel.swift */; };
		0A025F7D29193A7400CB796B /* UserDefaultsRepository.swift in Sources */ = {isa = PBXBuildFile; fileRef = 0A025F7C29193A7400CB796B /* UserDefaultsRepository.swift */; };
		0A025F7F29193E3100CB796B /* KeyChainRepository.swift in Sources */ = {isa = PBXBuildFile; fileRef = 0A025F7E29193E3100CB796B /* KeyChainRepository.swift */; };
		0A025F852919A21E00CB796B /* MainTabViewModel.swift in Sources */ = {isa = PBXBuildFile; fileRef = 0A025F842919A21E00CB796B /* MainTabViewModel.swift */; };
		0A025F872919B48300CB796B /* AccountViewModel.swift in Sources */ = {isa = PBXBuildFile; fileRef = 0A025F862919B48300CB796B /* AccountViewModel.swift */; };
		0A025F89291AB9BD00CB796B /* SkillsEditorView.swift in Sources */ = {isa = PBXBuildFile; fileRef = 0A025F88291AB9BD00CB796B /* SkillsEditorView.swift */; };
		0A025F8B291ACE4A00CB796B /* SkillsEditorViewModel.swift in Sources */ = {isa = PBXBuildFile; fileRef = 0A025F8A291ACE4A00CB796B /* SkillsEditorViewModel.swift */; };
		0A04F08E28FD638A0001A43F /* Assets.xcassets in Resources */ = {isa = PBXBuildFile; fileRef = 0A04F08D28FD638A0001A43F /* Assets.xcassets */; };
		0A2A1DB2290AEC560093C2E4 /* StudentDetail.swift in Sources */ = {isa = PBXBuildFile; fileRef = 0A2A1DB1290AEC560093C2E4 /* StudentDetail.swift */; };
		0A2A1DC1290C6FF20093C2E4 /* Configuration.swift in Sources */ = {isa = PBXBuildFile; fileRef = 0A2A1DC0290C6FF20093C2E4 /* Configuration.swift */; };
		0A51D2FE28F3277D00AD87A1 /* CardAppApp.swift in Sources */ = {isa = PBXBuildFile; fileRef = 0A51D2FD28F3277D00AD87A1 /* CardAppApp.swift */; };
		0A51D30028F3277D00AD87A1 /* StudentDetailView.swift in Sources */ = {isa = PBXBuildFile; fileRef = 0A51D2FF28F3277D00AD87A1 /* StudentDetailView.swift */; };
		0A51D30528F3277E00AD87A1 /* Preview Assets.xcassets in Resources */ = {isa = PBXBuildFile; fileRef = 0A51D30428F3277E00AD87A1 /* Preview Assets.xcassets */; };
		0A51D30D28F32BC100AD87A1 /* SMItemView.swift in Sources */ = {isa = PBXBuildFile; fileRef = 0A51D30C28F32BC100AD87A1 /* SMItemView.swift */; };
		0A51D30F28F333A500AD87A1 /* SkillView.swift in Sources */ = {isa = PBXBuildFile; fileRef = 0A51D30E28F333A500AD87A1 /* SkillView.swift */; };
		0A51D31128F3FB6C00AD87A1 /* HomeworkItemView.swift in Sources */ = {isa = PBXBuildFile; fileRef = 0A51D31028F3FB6C00AD87A1 /* HomeworkItemView.swift */; };
		0A51D31328F4003400AD87A1 /* BoxViewModifier.swift in Sources */ = {isa = PBXBuildFile; fileRef = 0A51D31228F4003400AD87A1 /* BoxViewModifier.swift */; };
		0A51D31528F40A8400AD87A1 /* LevelBarView.swift in Sources */ = {isa = PBXBuildFile; fileRef = 0A51D31428F40A8400AD87A1 /* LevelBarView.swift */; };
		0A6509C028FD6B9E00A59781 /* Mock.swift in Sources */ = {isa = PBXBuildFile; fileRef = 0A6509BF28FD6B9E00A59781 /* Mock.swift */; };
		0A6509C228FD81BF00A59781 /* StudentListView.swift in Sources */ = {isa = PBXBuildFile; fileRef = 0A6509C128FD81BF00A59781 /* StudentListView.swift */; };
		0A6509C428FD82BC00A59781 /* StudentRowView.swift in Sources */ = {isa = PBXBuildFile; fileRef = 0A6509C328FD82BC00A59781 /* StudentRowView.swift */; };
		0A6509C828FD86CE00A59781 /* Homework.swift in Sources */ = {isa = PBXBuildFile; fileRef = 0A6509C728FD86CE00A59781 /* Homework.swift */; };
		0A78B6E328FD5F2E00442A5D /* Student.swift in Sources */ = {isa = PBXBuildFile; fileRef = 0A78B6E228FD5F2E00442A5D /* Student.swift */; };
		0A78B6E528FD5F3E00442A5D /* Platform.swift in Sources */ = {isa = PBXBuildFile; fileRef = 0A78B6E428FD5F3E00442A5D /* Platform.swift */; };
		0A78E5002906786400E9D1EB /* StudentListViewModel.swift in Sources */ = {isa = PBXBuildFile; fileRef = 0A78E4FF2906786400E9D1EB /* StudentListViewModel.swift */; };
		0A78E503290678C700E9D1EB /* StudentsRepository.swift in Sources */ = {isa = PBXBuildFile; fileRef = 0A78E502290678C700E9D1EB /* StudentsRepository.swift */; };
		0A8A211C291E51B4006041BC /* ShakeGesture.swift in Sources */ = {isa = PBXBuildFile; fileRef = 0A8A211B291E51B4006041BC /* ShakeGesture.swift */; };
		0A8C4E9B2909D2C4002A471B /* MainTabView.swift in Sources */ = {isa = PBXBuildFile; fileRef = 0A8C4E9A2909D2C4002A471B /* MainTabView.swift */; };
		0A8C4E9D2909D6D0002A471B /* LoginView.swift in Sources */ = {isa = PBXBuildFile; fileRef = 0A8C4E9C2909D6D0002A471B /* LoginView.swift */; };
		0A8C4E9F2909D8BE002A471B /* AccountView.swift in Sources */ = {isa = PBXBuildFile; fileRef = 0A8C4E9E2909D8BE002A471B /* AccountView.swift */; };
		0A8C4EA12909DB8C002A471B /* LoginRowView.swift in Sources */ = {isa = PBXBuildFile; fileRef = 0A8C4EA02909DB8C002A471B /* LoginRowView.swift */; };
		0A95B89629073ED800742332 /* StudentDetailViewModel.swift in Sources */ = {isa = PBXBuildFile; fileRef = 0A95B89529073ED800742332 /* StudentDetailViewModel.swift */; };
		0A960907291F947C00ED4808 /* NetworkManagerError.swift in Sources */ = {isa = PBXBuildFile; fileRef = 0A960906291F947C00ED4808 /* NetworkManagerError.swift */; };
		0A960909291F949600ED4808 /* NetworkManagerPayload.swift in Sources */ = {isa = PBXBuildFile; fileRef = 0A960908291F949600ED4808 /* NetworkManagerPayload.swift */; };
		0AE4B4BC291CEBE400DDD908 /* NetworkManager.swift in Sources */ = {isa = PBXBuildFile; fileRef = 0AE4B4BB291CEBE400DDD908 /* NetworkManager.swift */; };
/* End PBXBuildFile section */

/* Begin PBXFileReference section */
		0A025F5C291862A400CB796B /* FetchState.swift */ = {isa = PBXFileReference; lastKnownFileType = sourcecode.swift; path = FetchState.swift; sourceTree = "<group>"; };
		0A025F732918F82B00CB796B /* LoginRepository.swift */ = {isa = PBXFileReference; lastKnownFileType = sourcecode.swift; path = LoginRepository.swift; sourceTree = "<group>"; };
		0A025F782918F8D900CB796B /* Login.swift */ = {isa = PBXFileReference; lastKnownFileType = sourcecode.swift; path = Login.swift; sourceTree = "<group>"; };
		0A025F7A2918FB1D00CB796B /* LoginViewModel.swift */ = {isa = PBXFileReference; lastKnownFileType = sourcecode.swift; path = LoginViewModel.swift; sourceTree = "<group>"; };
		0A025F7C29193A7400CB796B /* UserDefaultsRepository.swift */ = {isa = PBXFileReference; lastKnownFileType = sourcecode.swift; path = UserDefaultsRepository.swift; sourceTree = "<group>"; };
		0A025F7E29193E3100CB796B /* KeyChainRepository.swift */ = {isa = PBXFileReference; lastKnownFileType = sourcecode.swift; path = KeyChainRepository.swift; sourceTree = "<group>"; };
		0A025F842919A21E00CB796B /* MainTabViewModel.swift */ = {isa = PBXFileReference; lastKnownFileType = sourcecode.swift; path = MainTabViewModel.swift; sourceTree = "<group>"; };
		0A025F862919B48300CB796B /* AccountViewModel.swift */ = {isa = PBXFileReference; lastKnownFileType = sourcecode.swift; path = AccountViewModel.swift; sourceTree = "<group>"; };
		0A025F88291AB9BD00CB796B /* SkillsEditorView.swift */ = {isa = PBXFileReference; lastKnownFileType = sourcecode.swift; path = SkillsEditorView.swift; sourceTree = "<group>"; };
		0A025F8A291ACE4A00CB796B /* SkillsEditorViewModel.swift */ = {isa = PBXFileReference; lastKnownFileType = sourcecode.swift; path = SkillsEditorViewModel.swift; sourceTree = "<group>"; };
		0A04F08D28FD638A0001A43F /* Assets.xcassets */ = {isa = PBXFileReference; lastKnownFileType = folder.assetcatalog; path = Assets.xcassets; sourceTree = "<group>"; };
		0A2A1DB1290AEC560093C2E4 /* StudentDetail.swift */ = {isa = PBXFileReference; lastKnownFileType = sourcecode.swift; path = StudentDetail.swift; sourceTree = "<group>"; };
		0A2A1DC0290C6FF20093C2E4 /* Configuration.swift */ = {isa = PBXFileReference; lastKnownFileType = sourcecode.swift; path = Configuration.swift; sourceTree = "<group>"; };
		0A51D2FA28F3277D00AD87A1 /* CardApp.app */ = {isa = PBXFileReference; explicitFileType = wrapper.application; includeInIndex = 0; path = CardApp.app; sourceTree = BUILT_PRODUCTS_DIR; };
		0A51D2FD28F3277D00AD87A1 /* CardAppApp.swift */ = {isa = PBXFileReference; lastKnownFileType = sourcecode.swift; path = CardAppApp.swift; sourceTree = "<group>"; };
		0A51D2FF28F3277D00AD87A1 /* StudentDetailView.swift */ = {isa = PBXFileReference; lastKnownFileType = sourcecode.swift; path = StudentDetailView.swift; sourceTree = "<group>"; };
		0A51D30428F3277E00AD87A1 /* Preview Assets.xcassets */ = {isa = PBXFileReference; lastKnownFileType = folder.assetcatalog; path = "Preview Assets.xcassets"; sourceTree = "<group>"; };
		0A51D30C28F32BC100AD87A1 /* SMItemView.swift */ = {isa = PBXFileReference; lastKnownFileType = sourcecode.swift; path = SMItemView.swift; sourceTree = "<group>"; };
		0A51D30E28F333A500AD87A1 /* SkillView.swift */ = {isa = PBXFileReference; lastKnownFileType = sourcecode.swift; path = SkillView.swift; sourceTree = "<group>"; };
		0A51D31028F3FB6C00AD87A1 /* HomeworkItemView.swift */ = {isa = PBXFileReference; lastKnownFileType = sourcecode.swift; path = HomeworkItemView.swift; sourceTree = "<group>"; };
		0A51D31228F4003400AD87A1 /* BoxViewModifier.swift */ = {isa = PBXFileReference; lastKnownFileType = sourcecode.swift; path = BoxViewModifier.swift; sourceTree = "<group>"; };
		0A51D31428F40A8400AD87A1 /* LevelBarView.swift */ = {isa = PBXFileReference; lastKnownFileType = sourcecode.swift; path = LevelBarView.swift; sourceTree = "<group>"; };
		0A6509BF28FD6B9E00A59781 /* Mock.swift */ = {isa = PBXFileReference; lastKnownFileType = sourcecode.swift; path = Mock.swift; sourceTree = "<group>"; };
		0A6509C128FD81BF00A59781 /* StudentListView.swift */ = {isa = PBXFileReference; lastKnownFileType = sourcecode.swift; path = StudentListView.swift; sourceTree = "<group>"; };
		0A6509C328FD82BC00A59781 /* StudentRowView.swift */ = {isa = PBXFileReference; lastKnownFileType = sourcecode.swift; path = StudentRowView.swift; sourceTree = "<group>"; };
		0A6509C728FD86CE00A59781 /* Homework.swift */ = {isa = PBXFileReference; lastKnownFileType = sourcecode.swift; path = Homework.swift; sourceTree = "<group>"; };
		0A78B6E228FD5F2E00442A5D /* Student.swift */ = {isa = PBXFileReference; lastKnownFileType = sourcecode.swift; path = Student.swift; sourceTree = "<group>"; };
		0A78B6E428FD5F3E00442A5D /* Platform.swift */ = {isa = PBXFileReference; lastKnownFileType = sourcecode.swift; path = Platform.swift; sourceTree = "<group>"; };
		0A78E4FF2906786400E9D1EB /* StudentListViewModel.swift */ = {isa = PBXFileReference; lastKnownFileType = sourcecode.swift; path = StudentListViewModel.swift; sourceTree = "<group>"; };
		0A78E502290678C700E9D1EB /* StudentsRepository.swift */ = {isa = PBXFileReference; lastKnownFileType = sourcecode.swift; path = StudentsRepository.swift; sourceTree = "<group>"; };
		0A8A211B291E51B4006041BC /* ShakeGesture.swift */ = {isa = PBXFileReference; lastKnownFileType = sourcecode.swift; path = ShakeGesture.swift; sourceTree = "<group>"; };
		0A8C4E9A2909D2C4002A471B /* MainTabView.swift */ = {isa = PBXFileReference; lastKnownFileType = sourcecode.swift; path = MainTabView.swift; sourceTree = "<group>"; };
		0A8C4E9C2909D6D0002A471B /* LoginView.swift */ = {isa = PBXFileReference; lastKnownFileType = sourcecode.swift; path = LoginView.swift; sourceTree = "<group>"; };
		0A8C4E9E2909D8BE002A471B /* AccountView.swift */ = {isa = PBXFileReference; lastKnownFileType = sourcecode.swift; path = AccountView.swift; sourceTree = "<group>"; };
		0A8C4EA02909DB8C002A471B /* LoginRowView.swift */ = {isa = PBXFileReference; lastKnownFileType = sourcecode.swift; path = LoginRowView.swift; sourceTree = "<group>"; };
		0A95B89529073ED800742332 /* StudentDetailViewModel.swift */ = {isa = PBXFileReference; lastKnownFileType = sourcecode.swift; path = StudentDetailViewModel.swift; sourceTree = "<group>"; };
		0A960906291F947C00ED4808 /* NetworkManagerError.swift */ = {isa = PBXFileReference; lastKnownFileType = sourcecode.swift; path = NetworkManagerError.swift; sourceTree = "<group>"; };
		0A960908291F949600ED4808 /* NetworkManagerPayload.swift */ = {isa = PBXFileReference; lastKnownFileType = sourcecode.swift; path = NetworkManagerPayload.swift; sourceTree = "<group>"; };
		0AD028412906C83E0037A55F /* Info.plist */ = {isa = PBXFileReference; lastKnownFileType = text.plist; path = Info.plist; sourceTree = "<group>"; };
		0AE4B4BB291CEBE400DDD908 /* NetworkManager.swift */ = {isa = PBXFileReference; lastKnownFileType = sourcecode.swift; path = NetworkManager.swift; sourceTree = "<group>"; };
/* End PBXFileReference section */

/* Begin PBXFrameworksBuildPhase section */
		0A51D2F728F3277D00AD87A1 /* Frameworks */ = {
			isa = PBXFrameworksBuildPhase;
			buildActionMask = 2147483647;
			files = (
			);
			runOnlyForDeploymentPostprocessing = 0;
		};
/* End PBXFrameworksBuildPhase section */

/* Begin PBXGroup section */
		0A025F5E2918F25600CB796B /* StudentList */ = {
			isa = PBXGroup;
			children = (
				0A025F5F2918F2CB00CB796B /* ViewModels */,
				0A025F602918F2EB00CB796B /* Views */,
				0A025F622918F33100CB796B /* Models */,
			);
			path = StudentList;
			sourceTree = "<group>";
		};
		0A025F5F2918F2CB00CB796B /* ViewModels */ = {
			isa = PBXGroup;
			children = (
				0A78E4FF2906786400E9D1EB /* StudentListViewModel.swift */,
			);
			path = ViewModels;
			sourceTree = "<group>";
		};
		0A025F602918F2EB00CB796B /* Views */ = {
			isa = PBXGroup;
			children = (
				0A6509C128FD81BF00A59781 /* StudentListView.swift */,
				0A025F612918F2F700CB796B /* Components */,
			);
			path = Views;
			sourceTree = "<group>";
		};
		0A025F612918F2F700CB796B /* Components */ = {
			isa = PBXGroup;
			children = (
				0A6509C328FD82BC00A59781 /* StudentRowView.swift */,
			);
			path = Components;
			sourceTree = "<group>";
		};
		0A025F622918F33100CB796B /* Models */ = {
			isa = PBXGroup;
			children = (
				0A78B6E228FD5F2E00442A5D /* Student.swift */,
			);
			path = Models;
			sourceTree = "<group>";
		};
		0A025F632918F3C200CB796B /* StudentDetail */ = {
			isa = PBXGroup;
			children = (
				0A78E4FE2906784D00E9D1EB /* Viewmodels */,
				0A025F652918F41F00CB796B /* Views */,
				0A025F642918F41800CB796B /* Models */,
			);
			path = StudentDetail;
			sourceTree = "<group>";
		};
		0A025F642918F41800CB796B /* Models */ = {
			isa = PBXGroup;
			children = (
				0A2A1DB1290AEC560093C2E4 /* StudentDetail.swift */,
			);
			path = Models;
			sourceTree = "<group>";
		};
		0A025F652918F41F00CB796B /* Views */ = {
			isa = PBXGroup;
			children = (
				0A025F662918F4FD00CB796B /* Components */,
				0A51D2FF28F3277D00AD87A1 /* StudentDetailView.swift */,
				0A025F88291AB9BD00CB796B /* SkillsEditorView.swift */,
			);
			path = Views;
			sourceTree = "<group>";
		};
		0A025F662918F4FD00CB796B /* Components */ = {
			isa = PBXGroup;
			children = (
				0A51D31428F40A8400AD87A1 /* LevelBarView.swift */,
				0A51D30C28F32BC100AD87A1 /* SMItemView.swift */,
				0A51D30E28F333A500AD87A1 /* SkillView.swift */,
			);
			path = Components;
			sourceTree = "<group>";
		};
		0A025F672918F54B00CB796B /* Homework */ = {
			isa = PBXGroup;
			children = (
				0A025F692918F56500CB796B /* Views */,
				0A025F682918F55700CB796B /* Models */,
			);
			path = Homework;
			sourceTree = "<group>";
		};
		0A025F682918F55700CB796B /* Models */ = {
			isa = PBXGroup;
			children = (
				0A6509C728FD86CE00A59781 /* Homework.swift */,
			);
			path = Models;
			sourceTree = "<group>";
		};
		0A025F692918F56500CB796B /* Views */ = {
			isa = PBXGroup;
			children = (
				0A51D31028F3FB6C00AD87A1 /* HomeworkItemView.swift */,
			);
			path = Views;
			sourceTree = "<group>";
		};
		0A025F6A2918F5B200CB796B /* Utils */ = {
			isa = PBXGroup;
			children = (
				0A960905291F946300ED4808 /* NetworkManager */,
				0A025F672918F54B00CB796B /* Homework */,
				0A78B6E128FD5F2000442A5D /* Models */,
				0A8A211B291E51B4006041BC /* ShakeGesture.swift */,
			);
			path = Utils;
			sourceTree = "<group>";
		};
		0A025F6B2918F60800CB796B /* Login */ = {
			isa = PBXGroup;
			children = (
				0A025F772918F8BF00CB796B /* Models */,
				0A025F6E2918F63200CB796B /* Views */,
				0A025F6C2918F62400CB796B /* ViewModels */,
			);
			path = Login;
			sourceTree = "<group>";
		};
		0A025F6C2918F62400CB796B /* ViewModels */ = {
			isa = PBXGroup;
			children = (
				0A025F7A2918FB1D00CB796B /* LoginViewModel.swift */,
			);
			path = ViewModels;
			sourceTree = "<group>";
		};
		0A025F6E2918F63200CB796B /* Views */ = {
			isa = PBXGroup;
			children = (
				0A025F6F2918F64000CB796B /* Components */,
				0A8C4E9C2909D6D0002A471B /* LoginView.swift */,
			);
			path = Views;
			sourceTree = "<group>";
		};
		0A025F6F2918F64000CB796B /* Components */ = {
			isa = PBXGroup;
			children = (
				0A8C4EA02909DB8C002A471B /* LoginRowView.swift */,
			);
			path = Components;
			sourceTree = "<group>";
		};
		0A025F702918F66400CB796B /* Account */ = {
			isa = PBXGroup;
			children = (
				0A025F722918F67800CB796B /* ViewModels */,
				0A025F712918F66E00CB796B /* Views */,
			);
			path = Account;
			sourceTree = "<group>";
		};
		0A025F712918F66E00CB796B /* Views */ = {
			isa = PBXGroup;
			children = (
				0A8C4E9E2909D8BE002A471B /* AccountView.swift */,
			);
			path = Views;
			sourceTree = "<group>";
		};
		0A025F722918F67800CB796B /* ViewModels */ = {
			isa = PBXGroup;
			children = (
				0A025F862919B48300CB796B /* AccountViewModel.swift */,
			);
			path = ViewModels;
			sourceTree = "<group>";
		};
		0A025F772918F8BF00CB796B /* Models */ = {
			isa = PBXGroup;
			children = (
				0A025F782918F8D900CB796B /* Login.swift */,
			);
			path = Models;
			sourceTree = "<group>";
		};
		0A025F812919A1F200CB796B /* MainTab */ = {
			isa = PBXGroup;
			children = (
				0A025F832919A20300CB796B /* ViewModels */,
				0A025F822919A1F900CB796B /* Views */,
			);
			path = MainTab;
			sourceTree = "<group>";
		};
		0A025F822919A1F900CB796B /* Views */ = {
			isa = PBXGroup;
			children = (
				0A8C4E9A2909D2C4002A471B /* MainTabView.swift */,
			);
			path = Views;
			sourceTree = "<group>";
		};
		0A025F832919A20300CB796B /* ViewModels */ = {
			isa = PBXGroup;
			children = (
				0A025F842919A21E00CB796B /* MainTabViewModel.swift */,
			);
			path = ViewModels;
			sourceTree = "<group>";
		};
		0A2A1DBF290C6FD90093C2E4 /* Configuration */ = {
			isa = PBXGroup;
			children = (
				0A2A1DC0290C6FF20093C2E4 /* Configuration.swift */,
			);
			path = Configuration;
			sourceTree = "<group>";
		};
		0A51D2F128F3277D00AD87A1 = {
			isa = PBXGroup;
			children = (
				0A51D2FC28F3277D00AD87A1 /* CardApp */,
				0A51D2FB28F3277D00AD87A1 /* Products */,
			);
			sourceTree = "<group>";
		};
		0A51D2FB28F3277D00AD87A1 /* Products */ = {
			isa = PBXGroup;
			children = (
				0A51D2FA28F3277D00AD87A1 /* CardApp.app */,
			);
			name = Products;
			sourceTree = "<group>";
		};
		0A51D2FC28F3277D00AD87A1 /* CardApp */ = {
			isa = PBXGroup;
			children = (
				0AD028412906C83E0037A55F /* Info.plist */,
				0A51D2FD28F3277D00AD87A1 /* CardAppApp.swift */,
				0A2A1DBF290C6FD90093C2E4 /* Configuration */,
				0A025F812919A1F200CB796B /* MainTab */,
				0A025F5E2918F25600CB796B /* StudentList */,
				0A025F632918F3C200CB796B /* StudentDetail */,
				0A025F6B2918F60800CB796B /* Login */,
				0A025F702918F66400CB796B /* Account */,
				0A78E5012906788B00E9D1EB /* Repositories */,
				0A025F6A2918F5B200CB796B /* Utils */,
				0A78B6DE28FD5E9200442A5D /* ViewModifiers */,
				0A04F08D28FD638A0001A43F /* Assets.xcassets */,
				0A51D30328F3277E00AD87A1 /* Preview Content */,
			);
			path = CardApp;
			sourceTree = "<group>";
		};
		0A51D30328F3277E00AD87A1 /* Preview Content */ = {
			isa = PBXGroup;
			children = (
				0A51D30428F3277E00AD87A1 /* Preview Assets.xcassets */,
				0A6509BF28FD6B9E00A59781 /* Mock.swift */,
			);
			path = "Preview Content";
			sourceTree = "<group>";
		};
		0A78B6DE28FD5E9200442A5D /* ViewModifiers */ = {
			isa = PBXGroup;
			children = (
				0A51D31228F4003400AD87A1 /* BoxViewModifier.swift */,
			);
			path = ViewModifiers;
			sourceTree = "<group>";
		};
		0A78B6E128FD5F2000442A5D /* Models */ = {
			isa = PBXGroup;
			children = (
				0A78B6E428FD5F3E00442A5D /* Platform.swift */,
				0A025F5C291862A400CB796B /* FetchState.swift */,
			);
			path = Models;
			sourceTree = "<group>";
		};
		0A78E4FE2906784D00E9D1EB /* Viewmodels */ = {
			isa = PBXGroup;
			children = (
				0A95B89529073ED800742332 /* StudentDetailViewModel.swift */,
				0A025F8A291ACE4A00CB796B /* SkillsEditorViewModel.swift */,
			);
			path = Viewmodels;
			sourceTree = "<group>";
		};
		0A78E5012906788B00E9D1EB /* Repositories */ = {
			isa = PBXGroup;
			children = (
				0A78E502290678C700E9D1EB /* StudentsRepository.swift */,
				0A025F732918F82B00CB796B /* LoginRepository.swift */,
				0A025F7C29193A7400CB796B /* UserDefaultsRepository.swift */,
				0A025F7E29193E3100CB796B /* KeyChainRepository.swift */,
			);
			path = Repositories;
			sourceTree = "<group>";
		};
		0A960905291F946300ED4808 /* NetworkManager */ = {
			isa = PBXGroup;
			children = (
				0A960906291F947C00ED4808 /* NetworkManagerError.swift */,
				0A960908291F949600ED4808 /* NetworkManagerPayload.swift */,
				0AE4B4BB291CEBE400DDD908 /* NetworkManager.swift */,
			);
			path = NetworkManager;
			sourceTree = "<group>";
		};
/* End PBXGroup section */

/* Begin PBXNativeTarget section */
		0A51D2F928F3277D00AD87A1 /* CardApp */ = {
			isa = PBXNativeTarget;
			buildConfigurationList = 0A51D30828F3277E00AD87A1 /* Build configuration list for PBXNativeTarget "CardApp" */;
			buildPhases = (
				0A51D2F628F3277D00AD87A1 /* Sources */,
				0A51D2F728F3277D00AD87A1 /* Frameworks */,
				0A51D2F828F3277D00AD87A1 /* Resources */,
			);
			buildRules = (
			);
			dependencies = (
			);
			name = CardApp;
			productName = CardApp;
			productReference = 0A51D2FA28F3277D00AD87A1 /* CardApp.app */;
			productType = "com.apple.product-type.application";
		};
/* End PBXNativeTarget section */

/* Begin PBXProject section */
		0A51D2F228F3277D00AD87A1 /* Project object */ = {
			isa = PBXProject;
			attributes = {
				BuildIndependentTargetsInParallel = 1;
				LastSwiftUpdateCheck = 1400;
				LastUpgradeCheck = 1400;
				TargetAttributes = {
					0A51D2F928F3277D00AD87A1 = {
						CreatedOnToolsVersion = 14.0.1;
					};
				};
			};
			buildConfigurationList = 0A51D2F528F3277D00AD87A1 /* Build configuration list for PBXProject "CardApp" */;
			compatibilityVersion = "Xcode 14.0";
			developmentRegion = en;
			hasScannedForEncodings = 0;
			knownRegions = (
				en,
				Base,
			);
			mainGroup = 0A51D2F128F3277D00AD87A1;
			productRefGroup = 0A51D2FB28F3277D00AD87A1 /* Products */;
			projectDirPath = "";
			projectRoot = "";
			targets = (
				0A51D2F928F3277D00AD87A1 /* CardApp */,
			);
		};
/* End PBXProject section */

/* Begin PBXResourcesBuildPhase section */
		0A51D2F828F3277D00AD87A1 /* Resources */ = {
			isa = PBXResourcesBuildPhase;
			buildActionMask = 2147483647;
			files = (
				0A04F08E28FD638A0001A43F /* Assets.xcassets in Resources */,
				0A51D30528F3277E00AD87A1 /* Preview Assets.xcassets in Resources */,
			);
			runOnlyForDeploymentPostprocessing = 0;
		};
/* End PBXResourcesBuildPhase section */

/* Begin PBXSourcesBuildPhase section */
		0A51D2F628F3277D00AD87A1 /* Sources */ = {
			isa = PBXSourcesBuildPhase;
			buildActionMask = 2147483647;
			files = (
				0A51D30028F3277D00AD87A1 /* StudentDetailView.swift in Sources */,
				0A025F852919A21E00CB796B /* MainTabViewModel.swift in Sources */,
				0A51D31128F3FB6C00AD87A1 /* HomeworkItemView.swift in Sources */,
				0A78B6E528FD5F3E00442A5D /* Platform.swift in Sources */,
				0A025F7F29193E3100CB796B /* KeyChainRepository.swift in Sources */,
				0A025F7D29193A7400CB796B /* UserDefaultsRepository.swift in Sources */,
				0A025F89291AB9BD00CB796B /* SkillsEditorView.swift in Sources */,
				0A8C4E9F2909D8BE002A471B /* AccountView.swift in Sources */,
				0A2A1DB2290AEC560093C2E4 /* StudentDetail.swift in Sources */,
				0A960909291F949600ED4808 /* NetworkManagerPayload.swift in Sources */,
				0A51D30F28F333A500AD87A1 /* SkillView.swift in Sources */,
				0A78B6E328FD5F2E00442A5D /* Student.swift in Sources */,
				0A78E5002906786400E9D1EB /* StudentListViewModel.swift in Sources */,
				0A8A211C291E51B4006041BC /* ShakeGesture.swift in Sources */,
				0A025F7B2918FB1D00CB796B /* LoginViewModel.swift in Sources */,
				0A6509C828FD86CE00A59781 /* Homework.swift in Sources */,
				0A8C4EA12909DB8C002A471B /* LoginRowView.swift in Sources */,
				0AE4B4BC291CEBE400DDD908 /* NetworkManager.swift in Sources */,
				0A025F5D291862A400CB796B /* FetchState.swift in Sources */,
				0A6509C028FD6B9E00A59781 /* Mock.swift in Sources */,
				0A025F872919B48300CB796B /* AccountViewModel.swift in Sources */,
				0A78E503290678C700E9D1EB /* StudentsRepository.swift in Sources */,
				0A8C4E9B2909D2C4002A471B /* MainTabView.swift in Sources */,
				0A51D31528F40A8400AD87A1 /* LevelBarView.swift in Sources */,
				0A6509C428FD82BC00A59781 /* StudentRowView.swift in Sources */,
				0A51D30D28F32BC100AD87A1 /* SMItemView.swift in Sources */,
				0A025F742918F82B00CB796B /* LoginRepository.swift in Sources */,
				0A960907291F947C00ED4808 /* NetworkManagerError.swift in Sources */,
				0A8C4E9D2909D6D0002A471B /* LoginView.swift in Sources */,
				0A51D2FE28F3277D00AD87A1 /* CardAppApp.swift in Sources */,
				0A51D31328F4003400AD87A1 /* BoxViewModifier.swift in Sources */,
				0A025F8B291ACE4A00CB796B /* SkillsEditorViewModel.swift in Sources */,
				0A025F792918F8D900CB796B /* Login.swift in Sources */,
				0A95B89629073ED800742332 /* StudentDetailViewModel.swift in Sources */,
				0A2A1DC1290C6FF20093C2E4 /* Configuration.swift in Sources */,
				0A6509C228FD81BF00A59781 /* StudentListView.swift in Sources */,
			);
			runOnlyForDeploymentPostprocessing = 0;
		};
/* End PBXSourcesBuildPhase section */

/* Begin XCBuildConfiguration section */
		0A51D30628F3277E00AD87A1 /* Debug */ = {
			isa = XCBuildConfiguration;
			buildSettings = {
				ALWAYS_SEARCH_USER_PATHS = NO;
				CLANG_ANALYZER_NONNULL = YES;
				CLANG_ANALYZER_NUMBER_OBJECT_CONVERSION = YES_AGGRESSIVE;
				CLANG_CXX_LANGUAGE_STANDARD = "gnu++20";
				CLANG_ENABLE_MODULES = YES;
				CLANG_ENABLE_OBJC_ARC = YES;
				CLANG_ENABLE_OBJC_WEAK = YES;
				CLANG_WARN_BLOCK_CAPTURE_AUTORELEASING = YES;
				CLANG_WARN_BOOL_CONVERSION = YES;
				CLANG_WARN_COMMA = YES;
				CLANG_WARN_CONSTANT_CONVERSION = YES;
				CLANG_WARN_DEPRECATED_OBJC_IMPLEMENTATIONS = YES;
				CLANG_WARN_DIRECT_OBJC_ISA_USAGE = YES_ERROR;
				CLANG_WARN_DOCUMENTATION_COMMENTS = YES;
				CLANG_WARN_EMPTY_BODY = YES;
				CLANG_WARN_ENUM_CONVERSION = YES;
				CLANG_WARN_INFINITE_RECURSION = YES;
				CLANG_WARN_INT_CONVERSION = YES;
				CLANG_WARN_NON_LITERAL_NULL_CONVERSION = YES;
				CLANG_WARN_OBJC_IMPLICIT_RETAIN_SELF = YES;
				CLANG_WARN_OBJC_LITERAL_CONVERSION = YES;
				CLANG_WARN_OBJC_ROOT_CLASS = YES_ERROR;
				CLANG_WARN_QUOTED_INCLUDE_IN_FRAMEWORK_HEADER = YES;
				CLANG_WARN_RANGE_LOOP_ANALYSIS = YES;
				CLANG_WARN_STRICT_PROTOTYPES = YES;
				CLANG_WARN_SUSPICIOUS_MOVE = YES;
				CLANG_WARN_UNGUARDED_AVAILABILITY = YES_AGGRESSIVE;
				CLANG_WARN_UNREACHABLE_CODE = YES;
				CLANG_WARN__DUPLICATE_METHOD_MATCH = YES;
				COPY_PHASE_STRIP = NO;
				DEBUG_INFORMATION_FORMAT = dwarf;
				ENABLE_STRICT_OBJC_MSGSEND = YES;
				ENABLE_TESTABILITY = YES;
				GCC_C_LANGUAGE_STANDARD = gnu11;
				GCC_DYNAMIC_NO_PIC = NO;
				GCC_NO_COMMON_BLOCKS = YES;
				GCC_OPTIMIZATION_LEVEL = 0;
				GCC_PREPROCESSOR_DEFINITIONS = (
					"DEBUG=1",
					"$(inherited)",
				);
				GCC_WARN_64_TO_32_BIT_CONVERSION = YES;
				GCC_WARN_ABOUT_RETURN_TYPE = YES_ERROR;
				GCC_WARN_UNDECLARED_SELECTOR = YES;
				GCC_WARN_UNINITIALIZED_AUTOS = YES_AGGRESSIVE;
				GCC_WARN_UNUSED_FUNCTION = YES;
				GCC_WARN_UNUSED_VARIABLE = YES;
				IPHONEOS_DEPLOYMENT_TARGET = 16.0;
				MTL_ENABLE_DEBUG_INFO = INCLUDE_SOURCE;
				MTL_FAST_MATH = YES;
				ONLY_ACTIVE_ARCH = YES;
				SDKROOT = iphoneos;
				SWIFT_ACTIVE_COMPILATION_CONDITIONS = DEBUG;
				SWIFT_OPTIMIZATION_LEVEL = "-Onone";
			};
			name = Debug;
		};
		0A51D30728F3277E00AD87A1 /* Release */ = {
			isa = XCBuildConfiguration;
			buildSettings = {
				ALWAYS_SEARCH_USER_PATHS = NO;
				CLANG_ANALYZER_NONNULL = YES;
				CLANG_ANALYZER_NUMBER_OBJECT_CONVERSION = YES_AGGRESSIVE;
				CLANG_CXX_LANGUAGE_STANDARD = "gnu++20";
				CLANG_ENABLE_MODULES = YES;
				CLANG_ENABLE_OBJC_ARC = YES;
				CLANG_ENABLE_OBJC_WEAK = YES;
				CLANG_WARN_BLOCK_CAPTURE_AUTORELEASING = YES;
				CLANG_WARN_BOOL_CONVERSION = YES;
				CLANG_WARN_COMMA = YES;
				CLANG_WARN_CONSTANT_CONVERSION = YES;
				CLANG_WARN_DEPRECATED_OBJC_IMPLEMENTATIONS = YES;
				CLANG_WARN_DIRECT_OBJC_ISA_USAGE = YES_ERROR;
				CLANG_WARN_DOCUMENTATION_COMMENTS = YES;
				CLANG_WARN_EMPTY_BODY = YES;
				CLANG_WARN_ENUM_CONVERSION = YES;
				CLANG_WARN_INFINITE_RECURSION = YES;
				CLANG_WARN_INT_CONVERSION = YES;
				CLANG_WARN_NON_LITERAL_NULL_CONVERSION = YES;
				CLANG_WARN_OBJC_IMPLICIT_RETAIN_SELF = YES;
				CLANG_WARN_OBJC_LITERAL_CONVERSION = YES;
				CLANG_WARN_OBJC_ROOT_CLASS = YES_ERROR;
				CLANG_WARN_QUOTED_INCLUDE_IN_FRAMEWORK_HEADER = YES;
				CLANG_WARN_RANGE_LOOP_ANALYSIS = YES;
				CLANG_WARN_STRICT_PROTOTYPES = YES;
				CLANG_WARN_SUSPICIOUS_MOVE = YES;
				CLANG_WARN_UNGUARDED_AVAILABILITY = YES_AGGRESSIVE;
				CLANG_WARN_UNREACHABLE_CODE = YES;
				CLANG_WARN__DUPLICATE_METHOD_MATCH = YES;
				COPY_PHASE_STRIP = NO;
				DEBUG_INFORMATION_FORMAT = "dwarf-with-dsym";
				ENABLE_NS_ASSERTIONS = NO;
				ENABLE_STRICT_OBJC_MSGSEND = YES;
				GCC_C_LANGUAGE_STANDARD = gnu11;
				GCC_NO_COMMON_BLOCKS = YES;
				GCC_WARN_64_TO_32_BIT_CONVERSION = YES;
				GCC_WARN_ABOUT_RETURN_TYPE = YES_ERROR;
				GCC_WARN_UNDECLARED_SELECTOR = YES;
				GCC_WARN_UNINITIALIZED_AUTOS = YES_AGGRESSIVE;
				GCC_WARN_UNUSED_FUNCTION = YES;
				GCC_WARN_UNUSED_VARIABLE = YES;
				IPHONEOS_DEPLOYMENT_TARGET = 16.0;
				MTL_ENABLE_DEBUG_INFO = NO;
				MTL_FAST_MATH = YES;
				SDKROOT = iphoneos;
				SWIFT_COMPILATION_MODE = wholemodule;
				SWIFT_OPTIMIZATION_LEVEL = "-O";
				VALIDATE_PRODUCT = YES;
			};
			name = Release;
		};
		0A51D30928F3277E00AD87A1 /* Debug */ = {
			isa = XCBuildConfiguration;
			buildSettings = {
				ASSETCATALOG_COMPILER_APPICON_NAME = AppIcon;
				ASSETCATALOG_COMPILER_GLOBAL_ACCENT_COLOR_NAME = AccentColor;
				CODE_SIGN_STYLE = Automatic;
				CURRENT_PROJECT_VERSION = 1;
				DEVELOPMENT_ASSET_PATHS = "\"CardApp/Preview Content\"";
				DEVELOPMENT_TEAM = 3FV5J94G7D;
				ENABLE_PREVIEWS = YES;
				GENERATE_INFOPLIST_FILE = YES;
				INFOPLIST_FILE = CardApp/Info.plist;
				INFOPLIST_KEY_UIApplicationSceneManifest_Generation = YES;
				INFOPLIST_KEY_UIApplicationSupportsIndirectInputEvents = YES;
				INFOPLIST_KEY_UILaunchScreen_Generation = YES;
				INFOPLIST_KEY_UISupportedInterfaceOrientations_iPad = "UIInterfaceOrientationPortrait UIInterfaceOrientationPortraitUpsideDown UIInterfaceOrientationLandscapeLeft UIInterfaceOrientationLandscapeRight";
				INFOPLIST_KEY_UISupportedInterfaceOrientations_iPhone = "UIInterfaceOrientationPortrait UIInterfaceOrientationLandscapeLeft UIInterfaceOrientationLandscapeRight";
				LD_RUNPATH_SEARCH_PATHS = (
					"$(inherited)",
					"@executable_path/Frameworks",
				);
				MARKETING_VERSION = 1.0;
				PRODUCT_BUNDLE_IDENTIFIER = com.maxkup19.CardApp;
				PRODUCT_NAME = "$(TARGET_NAME)";
				SWIFT_EMIT_LOC_STRINGS = YES;
				SWIFT_VERSION = 5.0;
				TARGETED_DEVICE_FAMILY = "1,2";
			};
			name = Debug;
		};
		0A51D30A28F3277E00AD87A1 /* Release */ = {
			isa = XCBuildConfiguration;
			buildSettings = {
				ASSETCATALOG_COMPILER_APPICON_NAME = AppIcon;
				ASSETCATALOG_COMPILER_GLOBAL_ACCENT_COLOR_NAME = AccentColor;
				CODE_SIGN_STYLE = Automatic;
				CURRENT_PROJECT_VERSION = 1;
				DEVELOPMENT_ASSET_PATHS = "\"CardApp/Preview Content\"";
				DEVELOPMENT_TEAM = 3FV5J94G7D;
				ENABLE_PREVIEWS = YES;
				GENERATE_INFOPLIST_FILE = YES;
				INFOPLIST_FILE = CardApp/Info.plist;
				INFOPLIST_KEY_UIApplicationSceneManifest_Generation = YES;
				INFOPLIST_KEY_UIApplicationSupportsIndirectInputEvents = YES;
				INFOPLIST_KEY_UILaunchScreen_Generation = YES;
				INFOPLIST_KEY_UISupportedInterfaceOrientations_iPad = "UIInterfaceOrientationPortrait UIInterfaceOrientationPortraitUpsideDown UIInterfaceOrientationLandscapeLeft UIInterfaceOrientationLandscapeRight";
				INFOPLIST_KEY_UISupportedInterfaceOrientations_iPhone = "UIInterfaceOrientationPortrait UIInterfaceOrientationLandscapeLeft UIInterfaceOrientationLandscapeRight";
				LD_RUNPATH_SEARCH_PATHS = (
					"$(inherited)",
					"@executable_path/Frameworks",
				);
				MARKETING_VERSION = 1.0;
				PRODUCT_BUNDLE_IDENTIFIER = com.maxkup19.CardApp;
				PRODUCT_NAME = "$(TARGET_NAME)";
				SWIFT_EMIT_LOC_STRINGS = YES;
				SWIFT_VERSION = 5.0;
				TARGETED_DEVICE_FAMILY = "1,2";
			};
			name = Release;
		};
/* End XCBuildConfiguration section */

/* Begin XCConfigurationList section */
		0A51D2F528F3277D00AD87A1 /* Build configuration list for PBXProject "CardApp" */ = {
			isa = XCConfigurationList;
			buildConfigurations = (
				0A51D30628F3277E00AD87A1 /* Debug */,
				0A51D30728F3277E00AD87A1 /* Release */,
			);
			defaultConfigurationIsVisible = 0;
			defaultConfigurationName = Release;
		};
		0A51D30828F3277E00AD87A1 /* Build configuration list for PBXNativeTarget "CardApp" */ = {
			isa = XCConfigurationList;
			buildConfigurations = (
				0A51D30928F3277E00AD87A1 /* Debug */,
				0A51D30A28F3277E00AD87A1 /* Release */,
			);
			defaultConfigurationIsVisible = 0;
			defaultConfigurationName = Release;
		};
/* End XCConfigurationList section */
	};
	rootObject = 0A51D2F228F3277D00AD87A1 /* Project object */;
}
